
Microsoft Visual Studio Solution File, Format Version 12.00
# Visual Studio Version 16
VisualStudioVersion = 16.0.30717.126
MinimumVisualStudioVersion = 10.0.40219.1
Project("{FAE04EC0-301F-11D3-BF4B-00C04F79EFBC}") = "ProjectOne", "ProjectOne\ProjectOne.csproj", "{94BDE3CE-3035-4560-BED6-98EFF3E44281}"
EndProject
Global
	GlobalSection(SolutionConfigurationPlatforms) = preSolution
		Debug|Any CPU = Debug|Any CPU
		Release|Any CPU = Release|Any CPU
	EndGlobalSection
	GlobalSection(ProjectConfigurationPlatforms) = postSolution
		{94BDE3CE-3035-4560-BED6-98EFF3E44281}.Debug|Any CPU.ActiveCfg = Debug|Any CPU
		{94BDE3CE-3035-4560-BED6-98EFF3E44281}.Debug|Any CPU.Build.0 = Debug|Any CPU
		{94BDE3CE-3035-4560-BED6-98EFF3E44281}.Release|Any CPU.ActiveCfg = Release|Any CPU
		{94BDE3CE-3035-4560-BED6-98EFF3E44281}.Release|Any CPU.Build.0 = Release|Any CPU
	EndGlobalSection
	GlobalSection(SolutionProperties) = preSolution
		HideSolutionNode = FALSE
	EndGlobalSection
	GlobalSection(ExtensibilityGlobals) = postSolution
		SolutionGuid = {E652F5B4-E72C-485C-BFFA-B6FB02F75981}
	EndGlobalSection
EndGlobal
