
Microsoft Visual Studio Solution File, Format Version 12.00
# Visual Studio Version 16
VisualStudioVersion = 16.0.30717.126
MinimumVisualStudioVersion = 10.0.40219.1
Project("{9A19103F-16F7-4668-BE54-9A1E7A4F7556}") = "TaskManagmentSystem.CLI", "ProjectOne\TaskManagmentSystem.CLI.csproj", "{94BDE3CE-3035-4560-BED6-98EFF3E44281}"
EndProject
Project("{FAE04EC0-301F-11D3-BF4B-00C04F79EFBC}") = "TaskManagmentSystem.Core", "TaskManagmentSystem.Core\TaskManagmentSystem.Core.csproj", "{49BB41A0-3988-4E78-B50F-E49D53C001CA}"
EndProject
Project("{FAE04EC0-301F-11D3-BF4B-00C04F79EFBC}") = "TaskManagmentSystem.Models", "TaskManagmentSystem.Models\TaskManagmentSystem.Models.csproj", "{6A24E034-4AF9-4D36-AA21-2012EA4F423B}"
EndProject
Global
	GlobalSection(SolutionConfigurationPlatforms) = preSolution
		Debug|Any CPU = Debug|Any CPU
		Release|Any CPU = Release|Any CPU
	EndGlobalSection
	GlobalSection(ProjectConfigurationPlatforms) = postSolution
		{94BDE3CE-3035-4560-BED6-98EFF3E44281}.Debug|Any CPU.ActiveCfg = Debug|Any CPU
		{94BDE3CE-3035-4560-BED6-98EFF3E44281}.Debug|Any CPU.Build.0 = Debug|Any CPU
		{94BDE3CE-3035-4560-BED6-98EFF3E44281}.Release|Any CPU.ActiveCfg = Release|Any CPU
		{94BDE3CE-3035-4560-BED6-98EFF3E44281}.Release|Any CPU.Build.0 = Release|Any CPU
		{49BB41A0-3988-4E78-B50F-E49D53C001CA}.Debug|Any CPU.ActiveCfg = Debug|Any CPU
		{49BB41A0-3988-4E78-B50F-E49D53C001CA}.Debug|Any CPU.Build.0 = Debug|Any CPU
		{49BB41A0-3988-4E78-B50F-E49D53C001CA}.Release|Any CPU.ActiveCfg = Release|Any CPU
		{49BB41A0-3988-4E78-B50F-E49D53C001CA}.Release|Any CPU.Build.0 = Release|Any CPU
		{6A24E034-4AF9-4D36-AA21-2012EA4F423B}.Debug|Any CPU.ActiveCfg = Debug|Any CPU
		{6A24E034-4AF9-4D36-AA21-2012EA4F423B}.Debug|Any CPU.Build.0 = Debug|Any CPU
		{6A24E034-4AF9-4D36-AA21-2012EA4F423B}.Release|Any CPU.ActiveCfg = Release|Any CPU
		{6A24E034-4AF9-4D36-AA21-2012EA4F423B}.Release|Any CPU.Build.0 = Release|Any CPU
	EndGlobalSection
	GlobalSection(SolutionProperties) = preSolution
		HideSolutionNode = FALSE
	EndGlobalSection
	GlobalSection(ExtensibilityGlobals) = postSolution
		SolutionGuid = {E652F5B4-E72C-485C-BFFA-B6FB02F75981}
	EndGlobalSection
EndGlobal
